
Microsoft Visual Studio Solution File, Format Version 12.00
# Visual Studio Version 17
VisualStudioVersion = 17.1.32414.318
MinimumVisualStudioVersion = 10.0.40219.1
Project("{FAE04EC0-301F-11D3-BF4B-00C04F79EFBC}") = "LogLog", "LogLog\LogLog.csproj", "{C0AE0F18-9E41-4797-A58A-99B202426DCC}"
EndProject
Global
	GlobalSection(SolutionConfigurationPlatforms) = preSolution
		Debug|Any CPU = Debug|Any CPU
		Release|Any CPU = Release|Any CPU
	EndGlobalSection
	GlobalSection(ProjectConfigurationPlatforms) = postSolution
		{C0AE0F18-9E41-4797-A58A-99B202426DCC}.Debug|Any CPU.ActiveCfg = Debug|Any CPU
		{C0AE0F18-9E41-4797-A58A-99B202426DCC}.Debug|Any CPU.Build.0 = Debug|Any CPU
		{C0AE0F18-9E41-4797-A58A-99B202426DCC}.Release|Any CPU.ActiveCfg = Release|Any CPU
		{C0AE0F18-9E41-4797-A58A-99B202426DCC}.Release|Any CPU.Build.0 = Release|Any CPU
	EndGlobalSection
	GlobalSection(SolutionProperties) = preSolution
		HideSolutionNode = FALSE
	EndGlobalSection
	GlobalSection(ExtensibilityGlobals) = postSolution
		SolutionGuid = {10197767-DE2F-413A-B17D-7D22F536FF23}
	EndGlobalSection
EndGlobal
